# THIS IS AN AUTOGENERATED FILE. DO NOT EDIT THIS FILE DIRECTLY.
# yarn lockfile v1
"@angular/common":
  version "2.1.0"
  resolved "https://registry.yarnpkg.com/@angular/common/-/common-2.1.0.tgz#159037ee8ea5b75951cbcb371749504b535f2c2d"

"@angular/compiler":
  version "2.1.0"
  resolved "https://registry.yarnpkg.com/@angular/compiler/-/compiler-2.1.0.tgz#1388e1b6adadb4495e1cb5f0fa5322728de0d003"

"@angular/compiler-cli":
  version "2.1.0"
  resolved "https://registry.yarnpkg.com/@angular/compiler-cli/-/compiler-cli-2.1.0.tgz#9678e4104265f2a8313672562309a63e360784e1"
  dependencies:
    "@angular/tsc-wrapped" "^0.3.0"
    minimist "^1.2.0"
    reflect-metadata "^0.1.2"

"@angular/core":
  version "2.1.0"
  resolved "https://registry.yarnpkg.com/@angular/core/-/core-2.1.0.tgz#a2fdb0f76f72e5ac521feadd4d119f60afff2bd3"

"@angular/forms":
  version "2.1.0"
  resolved "https://registry.yarnpkg.com/@angular/forms/-/forms-2.1.0.tgz#89b2684c176c32e954bf78ce15dffad269138c25"

"@angular/http":
  version "2.1.0"
  resolved "https://registry.yarnpkg.com/@angular/http/-/http-2.1.0.tgz#19aad01f791aa1e3794863d21b35bc377ce76987"

"@angular/platform-browser":
  version "2.1.0"
  resolved "https://registry.yarnpkg.com/@angular/platform-browser/-/platform-browser-2.1.0.tgz#f53b2234a460def5f9e718bb812b91a0a5f6c1e7"

"@angular/platform-browser-dynamic":
  version "2.1.0"
  resolved "https://registry.yarnpkg.com/@angular/platform-browser-dynamic/-/platform-browser-dynamic-2.1.0.tgz#05de532f46bbfdf80a603768e994f33c2ddf73e7"

"@angular/platform-server@^2.1.0":
  version "2.1.0"
  resolved "https://registry.yarnpkg.com/@angular/platform-server/-/platform-server-2.1.0.tgz#8e813c32d0da7b3709919055d0ae96a4104bb027"
  dependencies:
    parse5 "^2.2.1"

"@angular/router":
  version "3.1.0"
  resolved "https://registry.yarnpkg.com/@angular/router/-/router-3.1.0.tgz#14a496411142d29744b85996b4c4dd7e0eb76029"

"@angular/tsc-wrapped@^0.3.0":
  version "0.3.0"
  resolved "https://registry.yarnpkg.com/@angular/tsc-wrapped/-/tsc-wrapped-0.3.0.tgz#98cdeb5c38d145b187c0ad0397a8d98b217f33f2"
  dependencies:
    tsickle "^0.1.7"

align-text@^0.1.1, align-text@^0.1.3:
  version "0.1.4"
  resolved "https://registry.yarnpkg.com/align-text/-/align-text-0.1.4.tgz#0cd90a561093f35d0a99256c22b7069433fad117"
  dependencies:
    kind-of "^3.0.2"
    longest "^1.0.1"
    repeat-string "^1.5.2"

amdefine@>=0.0.4:
  version "1.0.0"
  resolved "https://registry.yarnpkg.com/amdefine/-/amdefine-1.0.0.tgz#fd17474700cb5cc9c2b709f0be9d23ce3c198c33"

ansi-regex@^2.0.0:
  version "2.0.0"
  resolved "https://registry.yarnpkg.com/ansi-regex/-/ansi-regex-2.0.0.tgz#c5061b6e0ef8a81775e50f5d66151bf6bf371107"

ansi-styles@^2.2.1:
  version "2.2.1"
  resolved "https://registry.yarnpkg.com/ansi-styles/-/ansi-styles-2.2.1.tgz#b432dd3358b634cf75e1e4664368240533c1ddbe"

async@~0.2.6:
  version "0.2.10"
  resolved "https://registry.yarnpkg.com/async/-/async-0.2.10.tgz#b6bbe0b0674b9d719708ca38de8c237cb526c3d1"

async@0.9.0:
  version "0.9.0"
  resolved "https://registry.yarnpkg.com/async/-/async-0.9.0.tgz#ac3613b1da9bed1b47510bb4651b8931e47146c7"

babel-code-frame@^6.16.0:
  version "6.16.0"
  resolved "https://registry.yarnpkg.com/babel-code-frame/-/babel-code-frame-6.16.0.tgz#f90e60da0862909d3ce098733b5d3987c97cb8de"
  dependencies:
    chalk "^1.1.0"
    esutils "^2.0.2"
    js-tokens "^2.0.0"

babel-core@^6.16.0, babel-core@^6.9.0:
  version "6.17.0"
  resolved "https://registry.yarnpkg.com/babel-core/-/babel-core-6.17.0.tgz#6c4576447df479e241e58c807e4bc7da4db7f425"
  dependencies:
    babel-code-frame "^6.16.0"
    babel-generator "^6.17.0"
    babel-helpers "^6.16.0"
    babel-messages "^6.8.0"
    babel-register "^6.16.0"
    babel-runtime "^6.9.1"
    babel-template "^6.16.0"
    babel-traverse "^6.16.0"
    babel-types "^6.16.0"
    babylon "^6.11.0"
    convert-source-map "^1.1.0"
    debug "^2.1.1"
    json5 "^0.4.0"
    lodash "^4.2.0"
    minimatch "^3.0.2"
    path-exists "^1.0.0"
    path-is-absolute "^1.0.0"
    private "^0.1.6"
    shebang-regex "^1.0.0"
    slash "^1.0.0"
    source-map "^0.5.0"

babel-generator@^6.17.0:
  version "6.17.0"
  resolved "https://registry.yarnpkg.com/babel-generator/-/babel-generator-6.17.0.tgz#b894e3808beef7800f2550635bfe024b6226cf33"
  dependencies:
    babel-messages "^6.8.0"
    babel-runtime "^6.9.0"
    babel-types "^6.16.0"
    detect-indent "^3.0.1"
    jsesc "^1.3.0"
    lodash "^4.2.0"
    source-map "^0.5.0"

babel-helper-hoist-variables@^6.8.0:
  version "6.8.0"
  resolved "https://registry.yarnpkg.com/babel-helper-hoist-variables/-/babel-helper-hoist-variables-6.8.0.tgz#8b0766dc026ea9ea423bc2b34e665a4da7373aaf"
  dependencies:
    babel-runtime "^6.0.0"
    babel-types "^6.8.0"

babel-helpers@^6.16.0:
  version "6.16.0"
  resolved "https://registry.yarnpkg.com/babel-helpers/-/babel-helpers-6.16.0.tgz#1095ec10d99279460553e67eb3eee9973d3867e3"
  dependencies:
    babel-runtime "^6.0.0"
    babel-template "^6.16.0"

babel-messages@^6.8.0:
  version "6.8.0"
  resolved "https://registry.yarnpkg.com/babel-messages/-/babel-messages-6.8.0.tgz#bf504736ca967e6d65ef0adb5a2a5f947c8e0eb9"
  dependencies:
    babel-runtime "^6.0.0"

babel-plugin-transform-cjs-system-require@^0.1.1:
  version "0.1.1"
  resolved "https://registry.yarnpkg.com/babel-plugin-transform-cjs-system-require/-/babel-plugin-transform-cjs-system-require-0.1.1.tgz#ffef26d31bc270e82bdbbd437db2777e85162a29"

babel-plugin-transform-cjs-system-wrapper@^0.2.1:
  version "0.2.1"
  resolved "https://registry.yarnpkg.com/babel-plugin-transform-cjs-system-wrapper/-/babel-plugin-transform-cjs-system-wrapper-0.2.1.tgz#e855078877b56d4d1b92b9f91b37f599db0200e3"
  dependencies:
    babel-plugin-transform-cjs-system-require "^0.1.1"
    babel-template "^6.9.0"

babel-plugin-transform-es2015-modules-systemjs@^6.6.5:
  version "6.14.0"
  resolved "https://registry.yarnpkg.com/babel-plugin-transform-es2015-modules-systemjs/-/babel-plugin-transform-es2015-modules-systemjs-6.14.0.tgz#c519b5c73e32388e679c9b1edf41b2fc23dc3303"
  dependencies:
    babel-helper-hoist-variables "^6.8.0"
    babel-runtime "^6.11.6"
    babel-template "^6.14.0"

babel-plugin-transform-global-system-wrapper@0.0.1:
  version "0.0.1"
  resolved "https://registry.yarnpkg.com/babel-plugin-transform-global-system-wrapper/-/babel-plugin-transform-global-system-wrapper-0.0.1.tgz#afb469cec0e04689b9fe7e8b1fd280fc94a6d8f2"
  dependencies:
    babel-template "^6.9.0"

babel-plugin-transform-system-register@0.0.1:
  version "0.0.1"
  resolved "https://registry.yarnpkg.com/babel-plugin-transform-system-register/-/babel-plugin-transform-system-register-0.0.1.tgz#9dff40390c2763ac518f0b2ad7c5ea4f65a5be25"

babel-register@^6.16.0:
  version "6.16.3"
  resolved "https://registry.yarnpkg.com/babel-register/-/babel-register-6.16.3.tgz#7b0c0ca7bfdeb9188ba4c27e5fcb7599a497c624"
  dependencies:
    babel-core "^6.16.0"
    babel-runtime "^6.11.6"
    core-js "^2.4.0"
    home-or-tmp "^1.0.0"
    lodash "^4.2.0"
    mkdirp "^0.5.1"
    path-exists "^1.0.0"
    source-map-support "^0.4.2"

babel-runtime@^6.0.0, babel-runtime@^6.11.6, babel-runtime@^6.9.0, babel-runtime@^6.9.1:
  version "6.11.6"
  resolved "https://registry.yarnpkg.com/babel-runtime/-/babel-runtime-6.11.6.tgz#6db707fef2d49c49bfa3cb64efdb436b518b8222"
  dependencies:
    core-js "^2.4.0"
    regenerator-runtime "^0.9.5"

babel-template@^6.14.0, babel-template@^6.16.0, babel-template@^6.9.0:
  version "6.16.0"
  resolved "https://registry.yarnpkg.com/babel-template/-/babel-template-6.16.0.tgz#e149dd1a9f03a35f817ddbc4d0481988e7ebc8ca"
  dependencies:
    babel-runtime "^6.9.0"
    babel-traverse "^6.16.0"
    babel-types "^6.16.0"
    babylon "^6.11.0"
    lodash "^4.2.0"

babel-traverse@^6.16.0:
  version "6.16.0"
  resolved "https://registry.yarnpkg.com/babel-traverse/-/babel-traverse-6.16.0.tgz#fba85ae1fd4d107de9ce003149cc57f53bef0c4f"
  dependencies:
    babel-code-frame "^6.16.0"
    babel-messages "^6.8.0"
    babel-runtime "^6.9.0"
    babel-types "^6.16.0"
    babylon "^6.11.0"
    debug "^2.2.0"
    globals "^8.3.0"
    invariant "^2.2.0"
    lodash "^4.2.0"

babel-types@^6.16.0, babel-types@^6.8.0:
  version "6.16.0"
  resolved "https://registry.yarnpkg.com/babel-types/-/babel-types-6.16.0.tgz#71cca1dbe5337766225c5c193071e8ebcbcffcfe"
  dependencies:
    babel-runtime "^6.9.1"
    esutils "^2.0.2"
    lodash "^4.2.0"
    to-fast-properties "^1.0.1"

babylon@^6.11.0:
  version "6.11.5"
  resolved "https://registry.yarnpkg.com/babylon/-/babylon-6.11.5.tgz#35cce8fb5f98353931d275cb56871fbf17bf9a00"

balanced-match@^0.4.1:
  version "0.4.2"
  resolved "https://registry.yarnpkg.com/balanced-match/-/balanced-match-0.4.2.tgz#cb3f3e3c732dc0f01ee70b403f302e61d7709838"

bluebird@^3.3.4:
  version "3.4.6"
  resolved "https://registry.yarnpkg.com/bluebird/-/bluebird-3.4.6.tgz#01da8d821d87813d158967e743d5fe6c62cf8c0f"

brace-expansion@^1.0.0:
  version "1.1.6"
  resolved "https://registry.yarnpkg.com/brace-expansion/-/brace-expansion-1.1.6.tgz#7197d7eaa9b87e648390ea61fc66c84427420df9"
  dependencies:
    balanced-match "^0.4.1"
    concat-map "0.0.1"

camelcase@^1.0.2:
  version "1.2.1"
  resolved "https://registry.yarnpkg.com/camelcase/-/camelcase-1.2.1.tgz#9bb5304d2e0b56698b2c758b08a3eaa9daa58a39"

center-align@^0.1.1:
  version "0.1.3"
  resolved "https://registry.yarnpkg.com/center-align/-/center-align-0.1.3.tgz#aa0d32629b6ee972200411cbd4461c907bc2b7ad"
  dependencies:
    align-text "^0.1.3"
    lazy-cache "^1.0.3"

chalk@^1.1.0:
  version "1.1.3"
  resolved "https://registry.yarnpkg.com/chalk/-/chalk-1.1.3.tgz#a8115c55e4a702fe4d150abd3872822a7e09fc98"
  dependencies:
    ansi-styles "^2.2.1"
    escape-string-regexp "^1.0.2"
    has-ansi "^2.0.0"
    strip-ansi "^3.0.0"
    supports-color "^2.0.0"

cliui@^2.1.0:
  version "2.1.0"
  resolved "https://registry.yarnpkg.com/cliui/-/cliui-2.1.0.tgz#4b475760ff80264c762c3a1719032e91c7fea0d1"
  dependencies:
    center-align "^0.1.1"
    right-align "^0.1.1"
    wordwrap "0.0.2"

colors@1.0.3:
  version "1.0.3"
  resolved "https://registry.yarnpkg.com/colors/-/colors-1.0.3.tgz#0433f44d809680fdeb60ed260f1b0c262e82a40b"

commander@2.9.x:
  version "2.9.0"
  resolved "https://registry.yarnpkg.com/commander/-/commander-2.9.0.tgz#9c99094176e12240cb22d6c5146098400fe0f7d4"
  dependencies:
    graceful-readlink ">= 1.0.0"

concat-map@0.0.1:
  version "0.0.1"
  resolved "https://registry.yarnpkg.com/concat-map/-/concat-map-0.0.1.tgz#d8a96bd77fd68df7793a73036a3ba0d5405d477b"

convert-source-map@^1.1.0:
  version "1.3.0"
  resolved "https://registry.yarnpkg.com/convert-source-map/-/convert-source-map-1.3.0.tgz#e9f3e9c6e2728efc2676696a70eb382f73106a67"

core-js@^2.4.0:
  version "2.4.1"
  resolved "https://registry.yarnpkg.com/core-js/-/core-js-2.4.1.tgz#4de911e667b0eae9124e34254b53aea6fc618d3e"

corser@~2.0.0:
  version "2.0.1"
  resolved "https://registry.yarnpkg.com/corser/-/corser-2.0.1.tgz#8eda252ecaab5840dcd975ceb90d9370c819ff87"

d@^0.1.1, d@~0.1.1:
  version "0.1.1"
  resolved "https://registry.yarnpkg.com/d/-/d-0.1.1.tgz#da184c535d18d8ee7ba2aa229b914009fae11309"
  dependencies:
    es5-ext "~0.10.2"

d@1:
  version "1.0.0"
  resolved "https://registry.yarnpkg.com/d/-/d-1.0.0.tgz#754bb5bfe55451da69a58b94d45f4c5b0462d58f"
  dependencies:
    es5-ext "^0.10.9"

data-uri-to-buffer@0.0.4:
  version "0.0.4"
  resolved "https://registry.yarnpkg.com/data-uri-to-buffer/-/data-uri-to-buffer-0.0.4.tgz#46e13ab9da8e309745c8d01ce547213ebdb2fe3f"

debug@^2.1.1, debug@^2.2.0:
  version "2.2.0"
  resolved "https://registry.yarnpkg.com/debug/-/debug-2.2.0.tgz#f87057e995b1a1f6ae6a4960664137bc56f039da"
  dependencies:
    ms "0.7.1"

decamelize@^1.0.0:
  version "1.2.0"
  resolved "https://registry.yarnpkg.com/decamelize/-/decamelize-1.2.0.tgz#f6534d15148269b20352e7bee26f501f9a191290"

detect-indent@^3.0.1:
  version "3.0.1"
  resolved "https://registry.yarnpkg.com/detect-indent/-/detect-indent-3.0.1.tgz#9dc5e5ddbceef8325764b9451b02bc6d54084f75"
  dependencies:
    get-stdin "^4.0.1"
    minimist "^1.1.0"
    repeating "^1.1.0"

ecstatic@^1.4.0:
  version "1.4.1"
  resolved "https://registry.yarnpkg.com/ecstatic/-/ecstatic-1.4.1.tgz#32cb7b6fa2e290d58668674d115e8f0c3d567d6a"
  dependencies:
    he "^0.5.0"
    mime "^1.2.11"
    minimist "^1.1.0"
    url-join "^1.0.0"

es5-ext@^0.10.12, es5-ext@^0.10.7, es5-ext@^0.10.9, es5-ext@~0.10.11, es5-ext@~0.10.2:
  version "0.10.12"
  resolved "https://registry.yarnpkg.com/es5-ext/-/es5-ext-0.10.12.tgz#aa84641d4db76b62abba5e45fd805ecbab140047"
  dependencies:
    es6-iterator "2"
    es6-symbol "~3.1"

es6-iterator@2:
  version "2.0.0"
  resolved "https://registry.yarnpkg.com/es6-iterator/-/es6-iterator-2.0.0.tgz#bd968567d61635e33c0b80727613c9cb4b096bac"
  dependencies:
    d "^0.1.1"
    es5-ext "^0.10.7"
    es6-symbol "3"

es6-symbol@~3.1, es6-symbol@3:
  version "3.1.0"
  resolved "https://registry.yarnpkg.com/es6-symbol/-/es6-symbol-3.1.0.tgz#94481c655e7a7cad82eba832d97d5433496d7ffa"
  dependencies:
    d "~0.1.1"
    es5-ext "~0.10.11"

es6-template-strings@^2.0.0:
  version "2.0.1"
  resolved "https://registry.yarnpkg.com/es6-template-strings/-/es6-template-strings-2.0.1.tgz#b166c6a62562f478bb7775f6ca96103a599b4b2c"
  dependencies:
    es5-ext "^0.10.12"
    esniff "^1.1"

escape-string-regexp@^1.0.2:
  version "1.0.5"
  resolved "https://registry.yarnpkg.com/escape-string-regexp/-/escape-string-regexp-1.0.5.tgz#1b61c0562190a8dff6ae3bb2cf0200ca130b86d4"

esniff@^1.1:
  version "1.1.0"
  resolved "https://registry.yarnpkg.com/esniff/-/esniff-1.1.0.tgz#c66849229f91464dede2e0d40201ed6abf65f2ac"
  dependencies:
    d "1"
    es5-ext "^0.10.12"

esutils@^2.0.2:
  version "2.0.2"
  resolved "https://registry.yarnpkg.com/esutils/-/esutils-2.0.2.tgz#0abf4f1caa5bcb1f7a9d8acc6dea4faaa04bac9b"

eventemitter3@1.x.x:
  version "1.2.0"
  resolved "https://registry.yarnpkg.com/eventemitter3/-/eventemitter3-1.2.0.tgz#1c86991d816ad1e504750e73874224ecf3bec508"

fs.realpath@^1.0.0:
  version "1.0.0"
  resolved "https://registry.yarnpkg.com/fs.realpath/-/fs.realpath-1.0.0.tgz#1504ad2523158caa40db4a2787cb01411994ea4f"

get-stdin@^4.0.1:
  version "4.0.1"
  resolved "https://registry.yarnpkg.com/get-stdin/-/get-stdin-4.0.1.tgz#b968c6b0a04384324902e8bf1a5df32579a450fe"

glob@^7.0.3:
  version "7.1.1"
  resolved "https://registry.yarnpkg.com/glob/-/glob-7.1.1.tgz#805211df04faaf1c63a3600306cdf5ade50b2ec8"
  dependencies:
    fs.realpath "^1.0.0"
    inflight "^1.0.4"
    inherits "2"
    minimatch "^3.0.2"
    once "^1.3.0"
    path-is-absolute "^1.0.0"

glob@5.0.x:
  version "5.0.15"
  resolved "https://registry.yarnpkg.com/glob/-/glob-5.0.15.tgz#1bc936b9e02f4a603fcc222ecf7633d30b8b93b1"
  dependencies:
    inflight "^1.0.4"
    inherits "2"
    minimatch "2 || 3"
    once "^1.3.0"
    path-is-absolute "^1.0.0"

globals@^8.3.0:
  version "8.18.0"
  resolved "https://registry.yarnpkg.com/globals/-/globals-8.18.0.tgz#93d4a62bdcac38cfafafc47d6b034768cb0ffcb4"

"graceful-readlink@>= 1.0.0":
  version "1.0.1"
  resolved "https://registry.yarnpkg.com/graceful-readlink/-/graceful-readlink-1.0.1.tgz#4cafad76bc62f02fa039b2f94e9a3dd3a391a725"

has-ansi@^2.0.0:
  version "2.0.0"
  resolved "https://registry.yarnpkg.com/has-ansi/-/has-ansi-2.0.0.tgz#34f5049ce1ecdf2b0649af3ef24e45ed35416d91"
  dependencies:
    ansi-regex "^2.0.0"

he@^0.5.0:
  version "0.5.0"
  resolved "https://registry.yarnpkg.com/he/-/he-0.5.0.tgz#2c05ffaef90b68e860f3fd2b54ef580989277ee2"

home-or-tmp@^1.0.0:
  version "1.0.0"
  resolved "https://registry.yarnpkg.com/home-or-tmp/-/home-or-tmp-1.0.0.tgz#4b9f1e40800c3e50c6c27f781676afcce71f3985"
  dependencies:
    os-tmpdir "^1.0.1"
    user-home "^1.1.1"

http-proxy@^1.8.1:
  version "1.15.1"
  resolved "https://registry.yarnpkg.com/http-proxy/-/http-proxy-1.15.1.tgz#91a6088172e79bc0e821d5eb04ce702f32446393"
  dependencies:
    eventemitter3 "1.x.x"
    requires-port "1.x.x"

http-server:
  version "0.9.0"
  resolved "https://registry.yarnpkg.com/http-server/-/http-server-0.9.0.tgz#8f1b06bdc733618d4dc42831c7ba1aff4e06001a"
  dependencies:
    colors "1.0.3"
    corser "~2.0.0"
    ecstatic "^1.4.0"
    http-proxy "^1.8.1"
    opener "~1.4.0"
    optimist "0.6.x"
    portfinder "0.4.x"
    union "~0.4.3"

inflight@^1.0.4:
  version "1.0.5"
  resolved "https://registry.yarnpkg.com/inflight/-/inflight-1.0.5.tgz#db3204cd5a9de2e6cd890b85c6e2f66bcf4f620a"
  dependencies:
    once "^1.3.0"
    wrappy "1"

inherits@2:
  version "2.0.3"
  resolved "https://registry.yarnpkg.com/inherits/-/inherits-2.0.3.tgz#633c2c83e3da42a502f52466022480f4208261de"

invariant@^2.2.0:
  version "2.2.1"
  resolved "https://registry.yarnpkg.com/invariant/-/invariant-2.2.1.tgz#b097010547668c7e337028ebe816ebe36c8a8d54"
  dependencies:
    loose-envify "^1.0.0"

is-buffer@^1.0.2:
  version "1.1.4"
  resolved "https://registry.yarnpkg.com/is-buffer/-/is-buffer-1.1.4.tgz#cfc86ccd5dc5a52fa80489111c6920c457e2d98b"

is-finite@^1.0.0:
  version "1.0.2"
  resolved "https://registry.yarnpkg.com/is-finite/-/is-finite-1.0.2.tgz#cc6677695602be550ef11e8b4aa6305342b6d0aa"
  dependencies:
    number-is-nan "^1.0.0"

js-tokens@^1.0.1:
  version "1.0.3"
  resolved "https://registry.yarnpkg.com/js-tokens/-/js-tokens-1.0.3.tgz#14e56eb68c8f1a92c43d59f5014ec29dc20f2ae1"

js-tokens@^2.0.0:
  version "2.0.0"
  resolved "https://registry.yarnpkg.com/js-tokens/-/js-tokens-2.0.0.tgz#79903f5563ee778cc1162e6dcf1a0027c97f9cb5"

jsesc@^1.3.0:
  version "1.3.0"
  resolved "https://registry.yarnpkg.com/jsesc/-/jsesc-1.3.0.tgz#46c3fec8c1892b12b0833db9bc7622176dbab34b"

json5@^0.4.0:
  version "0.4.0"
  resolved "https://registry.yarnpkg.com/json5/-/json5-0.4.0.tgz#054352e4c4c80c86c0923877d449de176a732c8d"

kind-of@^3.0.2:
  version "3.0.4"
  resolved "https://registry.yarnpkg.com/kind-of/-/kind-of-3.0.4.tgz#7b8ecf18a4e17f8269d73b501c9f232c96887a74"
  dependencies:
    is-buffer "^1.0.2"

lazy-cache@^1.0.3:
  version "1.0.4"
  resolved "https://registry.yarnpkg.com/lazy-cache/-/lazy-cache-1.0.4.tgz#a1d78fc3a50474cb80845d3b3b6e1da49a446e8e"

lodash@^4.2.0:
  version "4.16.4"
  resolved "https://registry.yarnpkg.com/lodash/-/lodash-4.16.4.tgz#01ce306b9bad1319f2a5528674f88297aeb70127"

longest@^1.0.1:
  version "1.0.1"
  resolved "https://registry.yarnpkg.com/longest/-/longest-1.0.1.tgz#30a0b2da38f73770e8294a0d22e6625ed77d0097"

loose-envify@^1.0.0:
  version "1.2.0"
  resolved "https://registry.yarnpkg.com/loose-envify/-/loose-envify-1.2.0.tgz#69a65aad3de542cf4ee0f4fe74e8e33c709ccb0f"
  dependencies:
    js-tokens "^1.0.1"

mime@^1.2.11:
  version "1.3.4"
  resolved "https://registry.yarnpkg.com/mime/-/mime-1.3.4.tgz#115f9e3b6b3daf2959983cb38f149a2d40eb5d53"

minimatch@^3.0.2, "minimatch@2 || 3":
  version "3.0.3"
  resolved "https://registry.yarnpkg.com/minimatch/-/minimatch-3.0.3.tgz#2a4e4090b96b2db06a9d7df01055a62a77c9b774"
  dependencies:
    brace-expansion "^1.0.0"

minimist@^1.1.0, minimist@^1.2.0:
  version "1.2.0"
  resolved "https://registry.yarnpkg.com/minimist/-/minimist-1.2.0.tgz#a35008b20f41383eec1fb914f4cd5df79a264284"

minimist@~0.0.1:
  version "0.0.10"
  resolved "https://registry.yarnpkg.com/minimist/-/minimist-0.0.10.tgz#de3f98543dbf96082be48ad1a0c7cda836301dcf"

minimist@0.0.8:
  version "0.0.8"
  resolved "https://registry.yarnpkg.com/minimist/-/minimist-0.0.8.tgz#857fcabfc3397d2625b8228262e86aa7a011b05d"

mkdirp@^0.5.1, mkdirp@0.5.x:
  version "0.5.1"
  resolved "https://registry.yarnpkg.com/mkdirp/-/mkdirp-0.5.1.tgz#30057438eac6cf7f8c4767f38648d6697d75c903"
  dependencies:
    minimist "0.0.8"

ms@0.7.1:
  version "0.7.1"
  resolved "https://registry.yarnpkg.com/ms/-/ms-0.7.1.tgz#9cd13c03adbff25b65effde7ce864ee952017098"

number-is-nan@^1.0.0:
  version "1.0.1"
  resolved "https://registry.yarnpkg.com/number-is-nan/-/number-is-nan-1.0.1.tgz#097b602b53422a522c1afb8790318336941a011d"

once@^1.3.0:
  version "1.4.0"
  resolved "https://registry.yarnpkg.com/once/-/once-1.4.0.tgz#583b1aa775961d4b113ac17d9c50baef9dd76bd1"
  dependencies:
    wrappy "1"

opener@~1.4.0:
  version "1.4.2"
  resolved "https://registry.yarnpkg.com/opener/-/opener-1.4.2.tgz#b32582080042af8680c389a499175b4c54fff523"

optimist@0.6.x:
  version "0.6.1"
  resolved "https://registry.yarnpkg.com/optimist/-/optimist-0.6.1.tgz#da3ea74686fa21a19a111c326e90eb15a0196686"
  dependencies:
    minimist "~0.0.1"
    wordwrap "~0.0.2"

os-tmpdir@^1.0.1:
  version "1.0.2"
  resolved "https://registry.yarnpkg.com/os-tmpdir/-/os-tmpdir-1.0.2.tgz#bbe67406c79aa85c5cfec766fe5734555dfa1274"

parse5@^2.2.1:
  version "2.2.2"
  resolved "https://registry.yarnpkg.com/parse5/-/parse5-2.2.2.tgz#27f04785e9aee58aa824bc0a31c3049c3e39c51e"

path-exists@^1.0.0:
  version "1.0.0"
  resolved "https://registry.yarnpkg.com/path-exists/-/path-exists-1.0.0.tgz#d5a8998eb71ef37a74c34eb0d9eba6e878eea081"

path-is-absolute@^1.0.0:
  version "1.0.1"
  resolved "https://registry.yarnpkg.com/path-is-absolute/-/path-is-absolute-1.0.1.tgz#174b9268735534ffbc7ace6bf53a5a9e1b5c5f5f"

portfinder@0.4.x:
  version "0.4.0"
  resolved "https://registry.yarnpkg.com/portfinder/-/portfinder-0.4.0.tgz#a3ffadffafe4fb98e0601a85eda27c27ce84ca1e"
  dependencies:
    async "0.9.0"
    mkdirp "0.5.x"

private@^0.1.6:
  version "0.1.6"
  resolved "https://registry.yarnpkg.com/private/-/private-0.1.6.tgz#55c6a976d0f9bafb9924851350fe47b9b5fbb7c1"

qs@~2.3.3:
  version "2.3.3"
  resolved "https://registry.yarnpkg.com/qs/-/qs-2.3.3.tgz#e9e85adbe75da0bbe4c8e0476a086290f863b404"

reflect-metadata@^0.1.2:
  version "0.1.8"
  resolved "https://registry.yarnpkg.com/reflect-metadata/-/reflect-metadata-0.1.8.tgz#72426d570b60776e3688968bd5ab9537a15cecf6"

regenerator-runtime@^0.9.5:
  version "0.9.5"
  resolved "https://registry.yarnpkg.com/regenerator-runtime/-/regenerator-runtime-0.9.5.tgz#403d6d40a4bdff9c330dd9392dcbb2d9a8bba1fc"

repeat-string@^1.5.2:
  version "1.5.4"
  resolved "https://registry.yarnpkg.com/repeat-string/-/repeat-string-1.5.4.tgz#64ec0c91e0f4b475f90d5b643651e3e6e5b6c2d5"

repeating@^1.1.0:
  version "1.1.3"
  resolved "https://registry.yarnpkg.com/repeating/-/repeating-1.1.3.tgz#3d4114218877537494f97f77f9785fab810fa4ac"
  dependencies:
    is-finite "^1.0.0"

requires-port@1.x.x:
  version "1.0.0"
  resolved "https://registry.yarnpkg.com/requires-port/-/requires-port-1.0.0.tgz#925d2601d39ac485e091cf0da5c6e694dc3dcaff"

right-align@^0.1.1:
  version "0.1.3"
  resolved "https://registry.yarnpkg.com/right-align/-/right-align-0.1.3.tgz#61339b722fe6a3515689210d24e14c96148613ef"
  dependencies:
    align-text "^0.1.1"

rollup@^0.36.0:
  version "0.36.3"
  resolved "https://registry.yarnpkg.com/rollup/-/rollup-0.36.3.tgz#c89ac479828924ff8f69c1d44541cb4ea2fc11fc"
  dependencies:
    source-map-support "^0.4.0"

rsvp@^3.0.13:
  version "3.3.3"
  resolved "https://registry.yarnpkg.com/rsvp/-/rsvp-3.3.3.tgz#34633caaf8bc66ceff4be3c2e1dffd032538a813"

rxjs@5.0.0-beta.12:
  version "5.0.0-beta.12"
  resolved "https://registry.yarnpkg.com/rxjs/-/rxjs-5.0.0-beta.12.tgz#cdfde2d8c4639d20ae7794bff8fddf32da7ad337"
  dependencies:
    symbol-observable "^1.0.1"

semver@^4.3.3:
  version "4.3.6"
  resolved "https://registry.yarnpkg.com/semver/-/semver-4.3.6.tgz#300bc6e0e86374f7ba61068b5b1ecd57fc6532da"

shebang-regex@^1.0.0:
  version "1.0.0"
  resolved "https://registry.yarnpkg.com/shebang-regex/-/shebang-regex-1.0.0.tgz#da42f49740c0b42db2ca9728571cb190c98efea3"

slash@^1.0.0:
  version "1.0.0"
  resolved "https://registry.yarnpkg.com/slash/-/slash-1.0.0.tgz#c41f2f6c39fc16d1cd17ad4b5d896114ae470d55"

source-map-support@^0.3.1:
  version "0.3.3"
  resolved "https://registry.yarnpkg.com/source-map-support/-/source-map-support-0.3.3.tgz#34900977d5ba3f07c7757ee72e73bb1a9b53754f"
  dependencies:
    source-map "0.1.32"

source-map-support@^0.4.0, source-map-support@^0.4.2:
  version "0.4.3"
  resolved "https://registry.yarnpkg.com/source-map-support/-/source-map-support-0.4.3.tgz#693c8383d4389a4569486987c219744dfc601685"
  dependencies:
    source-map "^0.5.3"

source-map-support@~0.2.8:
  version "0.2.10"
  resolved "https://registry.yarnpkg.com/source-map-support/-/source-map-support-0.2.10.tgz#ea5a3900a1c1cb25096a0ae8cc5c2b4b10ded3dc"
  dependencies:
    source-map "0.1.32"

source-map@^0.4.2:
  version "0.4.4"
  resolved "https://registry.yarnpkg.com/source-map/-/source-map-0.4.4.tgz#eba4f5da9c0dc999de68032d8b4f76173652036b"
  dependencies:
    amdefine ">=0.0.4"

source-map@^0.5.0, source-map@^0.5.3, source-map@~0.5.1:
  version "0.5.6"
  resolved "https://registry.yarnpkg.com/source-map/-/source-map-0.5.6.tgz#75ce38f52bf0733c5a7f0c118d81334a2bb5f412"

source-map@0.1.32:
  version "0.1.32"
  resolved "https://registry.yarnpkg.com/source-map/-/source-map-0.1.32.tgz#c8b6c167797ba4740a8ea33252162ff08591b266"
  dependencies:
    amdefine ">=0.0.4"

strip-ansi@^3.0.0:
  version "3.0.1"
  resolved "https://registry.yarnpkg.com/strip-ansi/-/strip-ansi-3.0.1.tgz#6a385fb8853d952d5ff05d0e8aaf94278dc63dcf"
  dependencies:
    ansi-regex "^2.0.0"

supports-color@^2.0.0:
  version "2.0.0"
  resolved "https://registry.yarnpkg.com/supports-color/-/supports-color-2.0.0.tgz#535d045ce6b6363fa40117084629995e9df324c7"

symbol-observable@^1.0.1:
  version "1.0.3"
  resolved "https://registry.yarnpkg.com/symbol-observable/-/symbol-observable-1.0.3.tgz#0fdb005e84f346a899d492beba23068b32d1525a"

systemjs, systemjs@^0.19.39:
  version "0.19.39"
  resolved "https://registry.yarnpkg.com/systemjs/-/systemjs-0.19.39.tgz#e513e6f91a25a37b8b607c51c7989ee0d67b9356"
  dependencies:
    when "^3.7.5"

systemjs-builder:
  version "0.15.32"
  resolved "https://registry.yarnpkg.com/systemjs-builder/-/systemjs-builder-0.15.32.tgz#66795f104792b0302eba40950f29ed53a791cc3e"
  dependencies:
    babel-core "^6.9.0"
    babel-plugin-transform-cjs-system-wrapper "^0.2.1"
    babel-plugin-transform-es2015-modules-systemjs "^6.6.5"
    babel-plugin-transform-global-system-wrapper "0.0.1"
    babel-plugin-transform-system-register "0.0.1"
    bluebird "^3.3.4"
    data-uri-to-buffer "0.0.4"
    es6-template-strings "^2.0.0"
    glob "^7.0.3"
    mkdirp "^0.5.1"
    rollup "^0.36.0"
    source-map "^0.5.3"
    systemjs "^0.19.39"
    traceur "0.0.105"
    uglify-js "^2.6.1"

to-fast-properties@^1.0.1:
  version "1.0.2"
  resolved "https://registry.yarnpkg.com/to-fast-properties/-/to-fast-properties-1.0.2.tgz#f3f5c0c3ba7299a7ef99427e44633257ade43320"

traceur@0.0.105:
  version "0.0.105"
  resolved "https://registry.yarnpkg.com/traceur/-/traceur-0.0.105.tgz#5cf9dee83d6b77861c3d6c44d53859aed7ab0479"
  dependencies:
    commander "2.9.x"
    glob "5.0.x"
    rsvp "^3.0.13"
    semver "^4.3.3"
    source-map-support "~0.2.8"

tsickle@^0.1.7:
  version "0.1.7"
  resolved "https://registry.yarnpkg.com/tsickle/-/tsickle-0.1.7.tgz#bfe8f4cdcdaf9a40b84a729a38480c2f824f18ab"
  dependencies:
    minimist "^1.2.0"
    mkdirp "^0.5.1"
    source-map "^0.4.2"
    source-map-support "^0.3.1"

typescript@^2.0.2:
  version "2.0.3"
  resolved "https://registry.yarnpkg.com/typescript/-/typescript-2.0.3.tgz#33dec9eae86b8eee327dd419ca050c853cabd514"

uglify-js@^2.6.1:
  version "2.7.3"
  resolved "https://registry.yarnpkg.com/uglify-js/-/uglify-js-2.7.3.tgz#39b3a7329b89f5ec507e344c6e22568698ef4868"
  dependencies:
    async "~0.2.6"
    source-map "~0.5.1"
    uglify-to-browserify "~1.0.0"
    yargs "~3.10.0"

uglify-to-browserify@~1.0.0:
  version "1.0.2"
  resolved "https://registry.yarnpkg.com/uglify-to-browserify/-/uglify-to-browserify-1.0.2.tgz#6e0924d6bda6b5afe349e39a6d632850a0f882b7"

union@~0.4.3:
  version "0.4.4"
  resolved "https://registry.yarnpkg.com/union/-/union-0.4.4.tgz#d73f49321d6ffb721a4c69ff5b0a6c31a98ff3e0"
  dependencies:
    qs "~2.3.3"

url-join@^1.0.0:
  version "1.1.0"
  resolved "https://registry.yarnpkg.com/url-join/-/url-join-1.1.0.tgz#741c6c2f4596c4830d6718460920d0c92202dc78"

user-home@^1.1.1:
  version "1.1.1"
  resolved "https://registry.yarnpkg.com/user-home/-/user-home-1.1.1.tgz#2b5be23a32b63a7c9deb8d0f28d485724a3df190"

when@^3.7.5:
  version "3.7.7"
  resolved "https://registry.yarnpkg.com/when/-/when-3.7.7.tgz#aba03fc3bb736d6c88b091d013d8a8e590d84718"

window-size@0.1.0:
  version "0.1.0"
  resolved "https://registry.yarnpkg.com/window-size/-/window-size-0.1.0.tgz#5438cd2ea93b202efa3a19fe8887aee7c94f9c9d"

wordwrap@~0.0.2:
  version "0.0.3"
  resolved "https://registry.yarnpkg.com/wordwrap/-/wordwrap-0.0.3.tgz#a3d5da6cd5c0bc0008d37234bbaf1bed63059107"

wordwrap@0.0.2:
  version "0.0.2"
  resolved "https://registry.yarnpkg.com/wordwrap/-/wordwrap-0.0.2.tgz#b79669bb42ecb409f83d583cad52ca17eaa1643f"

wrappy@1:
  version "1.0.2"
  resolved "https://registry.yarnpkg.com/wrappy/-/wrappy-1.0.2.tgz#b5243d8f3ec1aa35f1364605bc0d1036e30ab69f"

yargs@~3.10.0:
  version "3.10.0"
  resolved "https://registry.yarnpkg.com/yargs/-/yargs-3.10.0.tgz#f7ee7bd857dd7c1d2d38c0e74efbd681d1431fd1"
  dependencies:
    camelcase "^1.0.2"
    cliui "^2.1.0"
    decamelize "^1.0.0"
    window-size "0.1.0"

zone.js:
  version "0.6.25"
  resolved "https://registry.yarnpkg.com/zone.js/-/zone.js-0.6.25.tgz#a41b57fe8c0ff3b8f077de3b193a86a234420301"

